
Microsoft Visual Studio Solution File, Format Version 12.00
Project("{2150E333-8FDC-42A3-9474-1A3956D46DE8}") = "Src", "Src", "{3CD057F8-6B8D-4753-858C-3C3BFEF16239}"
EndProject
Project("{2150E333-8FDC-42A3-9474-1A3956D46DE8}") = "Host", "Host", "{61C4870B-46FC-4806-9B0E-AEC84E0C13C9}"
EndProject
Project("{2150E333-8FDC-42A3-9474-1A3956D46DE8}") = "Infra", "Infra", "{BF8333C1-45FD-436D-B30C-781274A943AC}"
EndProject
Project("{2150E333-8FDC-42A3-9474-1A3956D46DE8}") = "Core", "Core", "{729D356B-2421-46CF-9A21-C97FA8EBABFA}"
EndProject
Project("{FAE04EC0-301F-11D3-BF4B-00C04F79EFBC}") = "Domain", "Domain\Domain.csproj", "{F56E6866-1FE7-40C1-812B-D9A5685AA2A4}"
EndProject
Project("{FAE04EC0-301F-11D3-BF4B-00C04F79EFBC}") = "Application", "Application\Application.csproj", "{FE832775-5822-4D6A-961F-EE94F5F5E369}"
EndProject
Project("{FAE04EC0-301F-11D3-BF4B-00C04F79EFBC}") = "API", "API\API.csproj", "{C8160D13-1279-46F1-8A55-DEEE50B902D3}"
EndProject
Project("{FAE04EC0-301F-11D3-BF4B-00C04F79EFBC}") = "Infrastructure", "Infrastructure\Infrastructure.csproj", "{8C2BE265-7169-425F-949C-0EC2EF6B232E}"
EndProject
Project("{FAE04EC0-301F-11D3-BF4B-00C04F79EFBC}") = "MariaDbMigrations", "MariaDbMigrations\MariaDbMigrations.csproj", "{1EB3EA91-4E06-46E3-BBCD-71C66986DE41}"
EndProject
Project("{FAE04EC0-301F-11D3-BF4B-00C04F79EFBC}") = "MySqlMigrations", "MySqlMigrations\MySqlMigrations.csproj", "{5D0AF273-2486-493F-ACA7-84437723D2CD}"
EndProject
Project("{FAE04EC0-301F-11D3-BF4B-00C04F79EFBC}") = "PostgresSqlMigrations", "PostgresSqlMigrations\PostgresSqlMigrations.csproj", "{212CC991-7BAD-4E47-90D8-CCE9FE8AEA05}"
EndProject
Project("{FAE04EC0-301F-11D3-BF4B-00C04F79EFBC}") = "SqLiteMigrations", "SqLiteMigrations\SqLiteMigrations.csproj", "{713957AE-64BB-4EF1-BA24-F4EC52604C54}"
EndProject
Project("{FAE04EC0-301F-11D3-BF4B-00C04F79EFBC}") = "SqlServerMigrations", "SqlServerMigrations\SqlServerMigrations.csproj", "{4F741839-FDAD-492B-837F-5C85750B5801}"
EndProject
Global
	GlobalSection(SolutionConfigurationPlatforms) = preSolution
		Debug|Any CPU = Debug|Any CPU
		Release|Any CPU = Release|Any CPU
	EndGlobalSection
	GlobalSection(NestedProjects) = preSolution
		{61C4870B-46FC-4806-9B0E-AEC84E0C13C9} = {3CD057F8-6B8D-4753-858C-3C3BFEF16239}
		{BF8333C1-45FD-436D-B30C-781274A943AC} = {3CD057F8-6B8D-4753-858C-3C3BFEF16239}
		{729D356B-2421-46CF-9A21-C97FA8EBABFA} = {3CD057F8-6B8D-4753-858C-3C3BFEF16239}
		{F56E6866-1FE7-40C1-812B-D9A5685AA2A4} = {729D356B-2421-46CF-9A21-C97FA8EBABFA}
		{FE832775-5822-4D6A-961F-EE94F5F5E369} = {729D356B-2421-46CF-9A21-C97FA8EBABFA}
		{C8160D13-1279-46F1-8A55-DEEE50B902D3} = {61C4870B-46FC-4806-9B0E-AEC84E0C13C9}
		{8C2BE265-7169-425F-949C-0EC2EF6B232E} = {BF8333C1-45FD-436D-B30C-781274A943AC}
		{1EB3EA91-4E06-46E3-BBCD-71C66986DE41} = {BF8333C1-45FD-436D-B30C-781274A943AC}
		{5D0AF273-2486-493F-ACA7-84437723D2CD} = {BF8333C1-45FD-436D-B30C-781274A943AC}
		{212CC991-7BAD-4E47-90D8-CCE9FE8AEA05} = {BF8333C1-45FD-436D-B30C-781274A943AC}
		{713957AE-64BB-4EF1-BA24-F4EC52604C54} = {BF8333C1-45FD-436D-B30C-781274A943AC}
		{4F741839-FDAD-492B-837F-5C85750B5801} = {BF8333C1-45FD-436D-B30C-781274A943AC}
	EndGlobalSection
	GlobalSection(ProjectConfigurationPlatforms) = postSolution
		{F56E6866-1FE7-40C1-812B-D9A5685AA2A4}.Debug|Any CPU.ActiveCfg = Debug|Any CPU
		{F56E6866-1FE7-40C1-812B-D9A5685AA2A4}.Debug|Any CPU.Build.0 = Debug|Any CPU
		{F56E6866-1FE7-40C1-812B-D9A5685AA2A4}.Release|Any CPU.ActiveCfg = Release|Any CPU
		{F56E6866-1FE7-40C1-812B-D9A5685AA2A4}.Release|Any CPU.Build.0 = Release|Any CPU
		{FE832775-5822-4D6A-961F-EE94F5F5E369}.Debug|Any CPU.ActiveCfg = Debug|Any CPU
		{FE832775-5822-4D6A-961F-EE94F5F5E369}.Debug|Any CPU.Build.0 = Debug|Any CPU
		{FE832775-5822-4D6A-961F-EE94F5F5E369}.Release|Any CPU.ActiveCfg = Release|Any CPU
		{FE832775-5822-4D6A-961F-EE94F5F5E369}.Release|Any CPU.Build.0 = Release|Any CPU
		{C8160D13-1279-46F1-8A55-DEEE50B902D3}.Debug|Any CPU.ActiveCfg = Debug|Any CPU
		{C8160D13-1279-46F1-8A55-DEEE50B902D3}.Debug|Any CPU.Build.0 = Debug|Any CPU
		{C8160D13-1279-46F1-8A55-DEEE50B902D3}.Release|Any CPU.ActiveCfg = Release|Any CPU
		{C8160D13-1279-46F1-8A55-DEEE50B902D3}.Release|Any CPU.Build.0 = Release|Any CPU
		{8C2BE265-7169-425F-949C-0EC2EF6B232E}.Debug|Any CPU.ActiveCfg = Debug|Any CPU
		{8C2BE265-7169-425F-949C-0EC2EF6B232E}.Debug|Any CPU.Build.0 = Debug|Any CPU
		{8C2BE265-7169-425F-949C-0EC2EF6B232E}.Release|Any CPU.ActiveCfg = Release|Any CPU
		{8C2BE265-7169-425F-949C-0EC2EF6B232E}.Release|Any CPU.Build.0 = Release|Any CPU
		{1EB3EA91-4E06-46E3-BBCD-71C66986DE41}.Debug|Any CPU.ActiveCfg = Debug|Any CPU
		{1EB3EA91-4E06-46E3-BBCD-71C66986DE41}.Debug|Any CPU.Build.0 = Debug|Any CPU
		{1EB3EA91-4E06-46E3-BBCD-71C66986DE41}.Release|Any CPU.ActiveCfg = Release|Any CPU
		{1EB3EA91-4E06-46E3-BBCD-71C66986DE41}.Release|Any CPU.Build.0 = Release|Any CPU
		{5D0AF273-2486-493F-ACA7-84437723D2CD}.Debug|Any CPU.ActiveCfg = Debug|Any CPU
		{5D0AF273-2486-493F-ACA7-84437723D2CD}.Debug|Any CPU.Build.0 = Debug|Any CPU
		{5D0AF273-2486-493F-ACA7-84437723D2CD}.Release|Any CPU.ActiveCfg = Release|Any CPU
		{5D0AF273-2486-493F-ACA7-84437723D2CD}.Release|Any CPU.Build.0 = Release|Any CPU
		{212CC991-7BAD-4E47-90D8-CCE9FE8AEA05}.Debug|Any CPU.ActiveCfg = Debug|Any CPU
		{212CC991-7BAD-4E47-90D8-CCE9FE8AEA05}.Debug|Any CPU.Build.0 = Debug|Any CPU
		{212CC991-7BAD-4E47-90D8-CCE9FE8AEA05}.Release|Any CPU.ActiveCfg = Release|Any CPU
		{212CC991-7BAD-4E47-90D8-CCE9FE8AEA05}.Release|Any CPU.Build.0 = Release|Any CPU
		{713957AE-64BB-4EF1-BA24-F4EC52604C54}.Debug|Any CPU.ActiveCfg = Debug|Any CPU
		{713957AE-64BB-4EF1-BA24-F4EC52604C54}.Debug|Any CPU.Build.0 = Debug|Any CPU
		{713957AE-64BB-4EF1-BA24-F4EC52604C54}.Release|Any CPU.ActiveCfg = Release|Any CPU
		{713957AE-64BB-4EF1-BA24-F4EC52604C54}.Release|Any CPU.Build.0 = Release|Any CPU
		{4F741839-FDAD-492B-837F-5C85750B5801}.Debug|Any CPU.ActiveCfg = Debug|Any CPU
		{4F741839-FDAD-492B-837F-5C85750B5801}.Debug|Any CPU.Build.0 = Debug|Any CPU
		{4F741839-FDAD-492B-837F-5C85750B5801}.Release|Any CPU.ActiveCfg = Release|Any CPU
		{4F741839-FDAD-492B-837F-5C85750B5801}.Release|Any CPU.Build.0 = Release|Any CPU
	EndGlobalSection
EndGlobal
